
Microsoft Visual Studio Solution File, Format Version 12.00
# Visual Studio Version 16
VisualStudioVersion = 16.0.31205.134
MinimumVisualStudioVersion = 10.0.40219.1
Project("{FAE04EC0-301F-11D3-BF4B-00C04F79EFBC}") = "AddressBook_ADO", "AddressBook_ADO.csproj", "{0443CC32-7AF7-446C-A4D4-7E9D8427FF5E}"
EndProject
Global
	GlobalSection(SolutionConfigurationPlatforms) = preSolution
		Debug|Any CPU = Debug|Any CPU
		Release|Any CPU = Release|Any CPU
	EndGlobalSection
	GlobalSection(ProjectConfigurationPlatforms) = postSolution
		{0443CC32-7AF7-446C-A4D4-7E9D8427FF5E}.Debug|Any CPU.ActiveCfg = Debug|Any CPU
		{0443CC32-7AF7-446C-A4D4-7E9D8427FF5E}.Debug|Any CPU.Build.0 = Debug|Any CPU
		{0443CC32-7AF7-446C-A4D4-7E9D8427FF5E}.Release|Any CPU.ActiveCfg = Release|Any CPU
		{0443CC32-7AF7-446C-A4D4-7E9D8427FF5E}.Release|Any CPU.Build.0 = Release|Any CPU
	EndGlobalSection
	GlobalSection(SolutionProperties) = preSolution
		HideSolutionNode = FALSE
	EndGlobalSection
	GlobalSection(ExtensibilityGlobals) = postSolution
		SolutionGuid = {B4DBA8E9-DF12-4DFD-82E0-32E6DF56DE20}
	EndGlobalSection
EndGlobal
